
Microsoft Visual Studio Solution File, Format Version 12.00
# Visual Studio Version 16
VisualStudioVersion = 16.0.31019.35
MinimumVisualStudioVersion = 10.0.40219.1
Project("{FAE04EC0-301F-11D3-BF4B-00C04F79EFBC}") = "00_Level2_Lesson5_StarterWPF", "00_Level2_Lesson5_StarterWPF\00_Level2_Lesson5_StarterWPF.csproj", "{26F1369E-411E-43DC-81DC-4AACAB5319E1}"
EndProject
Project("{FAE04EC0-301F-11D3-BF4B-00C04F79EFBC}") = "10_Level3_Lesson1_WPF_MainPanels_My", "10_Level3_Lesson1_WPF_MainPanels_My\10_Level3_Lesson1_WPF_MainPanels_My.csproj", "{5CC3A618-B3D5-4DC6-A111-DDC3C0B2724A}"
EndProject
Project("{FAE04EC0-301F-11D3-BF4B-00C04F79EFBC}") = "20__CreateControl", "20__CreateControl\20__CreateControl.csproj", "{5C985C94-8C57-4357-9755-DEEF8E74B26D}"
EndProject
Project("{FAE04EC0-301F-11D3-BF4B-00C04F79EFBC}") = "11_Lavel3_Lesson1_Web_prikol", "11_Lavel3_Lesson1_Web_prikol\11_Lavel3_Lesson1_Web_prikol.csproj", "{85E0B373-188A-41D5-921F-E4FCF6BA68D5}"
EndProject
Project("{FAE04EC0-301F-11D3-BF4B-00C04F79EFBC}") = "20_Level3_Lesson2_CreateControl", "20_Level3_Lesson2_CreateControl\20_Level3_Lesson2_CreateControl.csproj", "{5250BF3E-013A-4AEF-9E85-66155BF2A032}"
EndProject
Project("{FAE04EC0-301F-11D3-BF4B-00C04F79EFBC}") = "21_OurWpfControlsLibrary", "21_OurWpfControlsLibrary\21_OurWpfControlsLibrary.csproj", "{0986B0E2-0333-4B14-9687-A5DD9C69D132}"
EndProject
Project("{FAE04EC0-301F-11D3-BF4B-00C04F79EFBC}") = "21_TestControl", "21_TestControl\21_TestControl.csproj", "{B16A8851-E661-4829-A4E1-9218BCB7EC7C}"
EndProject
Global
	GlobalSection(SolutionConfigurationPlatforms) = preSolution
		Debug|Any CPU = Debug|Any CPU
		Release|Any CPU = Release|Any CPU
	EndGlobalSection
	GlobalSection(ProjectConfigurationPlatforms) = postSolution
		{26F1369E-411E-43DC-81DC-4AACAB5319E1}.Debug|Any CPU.ActiveCfg = Debug|Any CPU
		{26F1369E-411E-43DC-81DC-4AACAB5319E1}.Debug|Any CPU.Build.0 = Debug|Any CPU
		{26F1369E-411E-43DC-81DC-4AACAB5319E1}.Release|Any CPU.ActiveCfg = Release|Any CPU
		{26F1369E-411E-43DC-81DC-4AACAB5319E1}.Release|Any CPU.Build.0 = Release|Any CPU
		{5CC3A618-B3D5-4DC6-A111-DDC3C0B2724A}.Debug|Any CPU.ActiveCfg = Debug|Any CPU
		{5CC3A618-B3D5-4DC6-A111-DDC3C0B2724A}.Debug|Any CPU.Build.0 = Debug|Any CPU
		{5CC3A618-B3D5-4DC6-A111-DDC3C0B2724A}.Release|Any CPU.ActiveCfg = Release|Any CPU
		{5CC3A618-B3D5-4DC6-A111-DDC3C0B2724A}.Release|Any CPU.Build.0 = Release|Any CPU
		{5C985C94-8C57-4357-9755-DEEF8E74B26D}.Debug|Any CPU.ActiveCfg = Debug|Any CPU
		{5C985C94-8C57-4357-9755-DEEF8E74B26D}.Debug|Any CPU.Build.0 = Debug|Any CPU
		{5C985C94-8C57-4357-9755-DEEF8E74B26D}.Release|Any CPU.ActiveCfg = Release|Any CPU
		{5C985C94-8C57-4357-9755-DEEF8E74B26D}.Release|Any CPU.Build.0 = Release|Any CPU
		{85E0B373-188A-41D5-921F-E4FCF6BA68D5}.Debug|Any CPU.ActiveCfg = Debug|Any CPU
		{85E0B373-188A-41D5-921F-E4FCF6BA68D5}.Debug|Any CPU.Build.0 = Debug|Any CPU
		{85E0B373-188A-41D5-921F-E4FCF6BA68D5}.Release|Any CPU.ActiveCfg = Release|Any CPU
		{85E0B373-188A-41D5-921F-E4FCF6BA68D5}.Release|Any CPU.Build.0 = Release|Any CPU
		{5250BF3E-013A-4AEF-9E85-66155BF2A032}.Debug|Any CPU.ActiveCfg = Debug|Any CPU
		{5250BF3E-013A-4AEF-9E85-66155BF2A032}.Debug|Any CPU.Build.0 = Debug|Any CPU
		{5250BF3E-013A-4AEF-9E85-66155BF2A032}.Release|Any CPU.ActiveCfg = Release|Any CPU
		{5250BF3E-013A-4AEF-9E85-66155BF2A032}.Release|Any CPU.Build.0 = Release|Any CPU
		{0986B0E2-0333-4B14-9687-A5DD9C69D132}.Debug|Any CPU.ActiveCfg = Debug|Any CPU
		{0986B0E2-0333-4B14-9687-A5DD9C69D132}.Debug|Any CPU.Build.0 = Debug|Any CPU
		{0986B0E2-0333-4B14-9687-A5DD9C69D132}.Release|Any CPU.ActiveCfg = Release|Any CPU
		{0986B0E2-0333-4B14-9687-A5DD9C69D132}.Release|Any CPU.Build.0 = Release|Any CPU
		{B16A8851-E661-4829-A4E1-9218BCB7EC7C}.Debug|Any CPU.ActiveCfg = Debug|Any CPU
		{B16A8851-E661-4829-A4E1-9218BCB7EC7C}.Debug|Any CPU.Build.0 = Debug|Any CPU
		{B16A8851-E661-4829-A4E1-9218BCB7EC7C}.Release|Any CPU.ActiveCfg = Release|Any CPU
		{B16A8851-E661-4829-A4E1-9218BCB7EC7C}.Release|Any CPU.Build.0 = Release|Any CPU
	EndGlobalSection
	GlobalSection(SolutionProperties) = preSolution
		HideSolutionNode = FALSE
	EndGlobalSection
	GlobalSection(ExtensibilityGlobals) = postSolution
		SolutionGuid = {423A099C-9303-4220-923E-CF7DB4D80A02}
	EndGlobalSection
EndGlobal
